
Microsoft Visual Studio Solution File, Format Version 12.00
# Visual Studio Version 17
VisualStudioVersion = 17.0.31903.59
MinimumVisualStudioVersion = 10.0.40219.1
Project("{2150E333-8FDC-42A3-9474-1A3956D46DE8}") = "API", "API", "{D82C56D6-B2CD-F611-9E31-04638F7EC30E}"
EndProject
Project("{FAE04EC0-301F-11D3-BF4B-00C04F79EFBC}") = "minimal-api", "API\minimal-api.csproj", "{D53A9259-6AB7-46C1-8F47-42AD0CCAB0DD}"
EndProject
Project("{FAE04EC0-301F-11D3-BF4B-00C04F79EFBC}") = "Test", "Test\Test.csproj", "{964CF0D5-A03F-410F-AEBE-B5E8F4A93831}"
EndProject
Global
	GlobalSection(SolutionConfigurationPlatforms) = preSolution
		Debug|Any CPU = Debug|Any CPU
		Debug|x64 = Debug|x64
		Debug|x86 = Debug|x86
		Release|Any CPU = Release|Any CPU
		Release|x64 = Release|x64
		Release|x86 = Release|x86
	EndGlobalSection
	GlobalSection(ProjectConfigurationPlatforms) = postSolution
		{D53A9259-6AB7-46C1-8F47-42AD0CCAB0DD}.Debug|Any CPU.ActiveCfg = Debug|Any CPU
		{D53A9259-6AB7-46C1-8F47-42AD0CCAB0DD}.Debug|Any CPU.Build.0 = Debug|Any CPU
		{D53A9259-6AB7-46C1-8F47-42AD0CCAB0DD}.Debug|x64.ActiveCfg = Debug|Any CPU
		{D53A9259-6AB7-46C1-8F47-42AD0CCAB0DD}.Debug|x64.Build.0 = Debug|Any CPU
		{D53A9259-6AB7-46C1-8F47-42AD0CCAB0DD}.Debug|x86.ActiveCfg = Debug|Any CPU
		{D53A9259-6AB7-46C1-8F47-42AD0CCAB0DD}.Debug|x86.Build.0 = Debug|Any CPU
		{D53A9259-6AB7-46C1-8F47-42AD0CCAB0DD}.Release|Any CPU.ActiveCfg = Release|Any CPU
		{D53A9259-6AB7-46C1-8F47-42AD0CCAB0DD}.Release|Any CPU.Build.0 = Release|Any CPU
		{D53A9259-6AB7-46C1-8F47-42AD0CCAB0DD}.Release|x64.ActiveCfg = Release|Any CPU
		{D53A9259-6AB7-46C1-8F47-42AD0CCAB0DD}.Release|x64.Build.0 = Release|Any CPU
		{D53A9259-6AB7-46C1-8F47-42AD0CCAB0DD}.Release|x86.ActiveCfg = Release|Any CPU
		{D53A9259-6AB7-46C1-8F47-42AD0CCAB0DD}.Release|x86.Build.0 = Release|Any CPU
		{964CF0D5-A03F-410F-AEBE-B5E8F4A93831}.Debug|Any CPU.ActiveCfg = Debug|Any CPU
		{964CF0D5-A03F-410F-AEBE-B5E8F4A93831}.Debug|Any CPU.Build.0 = Debug|Any CPU
		{964CF0D5-A03F-410F-AEBE-B5E8F4A93831}.Debug|x64.ActiveCfg = Debug|Any CPU
		{964CF0D5-A03F-410F-AEBE-B5E8F4A93831}.Debug|x64.Build.0 = Debug|Any CPU
		{964CF0D5-A03F-410F-AEBE-B5E8F4A93831}.Debug|x86.ActiveCfg = Debug|Any CPU
		{964CF0D5-A03F-410F-AEBE-B5E8F4A93831}.Debug|x86.Build.0 = Debug|Any CPU
		{964CF0D5-A03F-410F-AEBE-B5E8F4A93831}.Release|Any CPU.ActiveCfg = Release|Any CPU
		{964CF0D5-A03F-410F-AEBE-B5E8F4A93831}.Release|Any CPU.Build.0 = Release|Any CPU
		{964CF0D5-A03F-410F-AEBE-B5E8F4A93831}.Release|x64.ActiveCfg = Release|Any CPU
		{964CF0D5-A03F-410F-AEBE-B5E8F4A93831}.Release|x64.Build.0 = Release|Any CPU
		{964CF0D5-A03F-410F-AEBE-B5E8F4A93831}.Release|x86.ActiveCfg = Release|Any CPU
		{964CF0D5-A03F-410F-AEBE-B5E8F4A93831}.Release|x86.Build.0 = Release|Any CPU
	EndGlobalSection
	GlobalSection(SolutionProperties) = preSolution
		HideSolutionNode = FALSE
	EndGlobalSection
	GlobalSection(NestedProjects) = preSolution
		{D53A9259-6AB7-46C1-8F47-42AD0CCAB0DD} = {D82C56D6-B2CD-F611-9E31-04638F7EC30E}
	EndGlobalSection
EndGlobal
